
Microsoft Visual Studio Solution File, Format Version 12.00
# Visual Studio Version 16
VisualStudioVersion = 16.0.30413.136
MinimumVisualStudioVersion = 10.0.40219.1
Project("{FAE04EC0-301F-11D3-BF4B-00C04F79EFBC}") = "Roommates", "Roommates\Roommates.csproj", "{8698F3CF-EFBE-4793-A105-58EF0A2217CE}"
EndProject
Global
	GlobalSection(SolutionConfigurationPlatforms) = preSolution
		Debug|Any CPU = Debug|Any CPU
		Release|Any CPU = Release|Any CPU
	EndGlobalSection
	GlobalSection(ProjectConfigurationPlatforms) = postSolution
		{8698F3CF-EFBE-4793-A105-58EF0A2217CE}.Debug|Any CPU.ActiveCfg = Debug|Any CPU
		{8698F3CF-EFBE-4793-A105-58EF0A2217CE}.Debug|Any CPU.Build.0 = Debug|Any CPU
		{8698F3CF-EFBE-4793-A105-58EF0A2217CE}.Release|Any CPU.ActiveCfg = Release|Any CPU
		{8698F3CF-EFBE-4793-A105-58EF0A2217CE}.Release|Any CPU.Build.0 = Release|Any CPU
	EndGlobalSection
	GlobalSection(SolutionProperties) = preSolution
		HideSolutionNode = FALSE
	EndGlobalSection
	GlobalSection(ExtensibilityGlobals) = postSolution
		SolutionGuid = {1573859B-AD52-4185-AB79-7B6F31B6E44A}
	EndGlobalSection
EndGlobal
